
Microsoft Visual Studio Solution File, Format Version 12.00
Project("{FAE04EC0-301F-11D3-BF4B-00C04F79EFBC}") = "EbxTest", "EbxTest\EbxTest.csproj", "{AF0CFC4A-CE82-467A-82BD-42600E401024}"
EndProject
Global
	GlobalSection(SolutionConfigurationPlatforms) = preSolution
		Debug|Any CPU = Debug|Any CPU
		Release|Any CPU = Release|Any CPU
	EndGlobalSection
	GlobalSection(ProjectConfigurationPlatforms) = postSolution
		{AF0CFC4A-CE82-467A-82BD-42600E401024}.Debug|Any CPU.ActiveCfg = Debug|Any CPU
		{AF0CFC4A-CE82-467A-82BD-42600E401024}.Debug|Any CPU.Build.0 = Debug|Any CPU
		{AF0CFC4A-CE82-467A-82BD-42600E401024}.Release|Any CPU.ActiveCfg = Release|Any CPU
		{AF0CFC4A-CE82-467A-82BD-42600E401024}.Release|Any CPU.Build.0 = Release|Any CPU
	EndGlobalSection
EndGlobal
